
Microsoft Visual Studio Solution File, Format Version 12.00
# Visual Studio Version 17
VisualStudioVersion = 17.8.34525.116
MinimumVisualStudioVersion = 10.0.40219.1
Project("{FAE04EC0-301F-11D3-BF4B-00C04F79EFBC}") = "Calculadora", "Calculadora\Calculadora.csproj", "{F1FBF0B5-4EA5-47B9-B009-6E1B42B2AB1A}"
EndProject
Global
	GlobalSection(SolutionConfigurationPlatforms) = preSolution
		Debug|Any CPU = Debug|Any CPU
		Release|Any CPU = Release|Any CPU
	EndGlobalSection
	GlobalSection(ProjectConfigurationPlatforms) = postSolution
		{F1FBF0B5-4EA5-47B9-B009-6E1B42B2AB1A}.Debug|Any CPU.ActiveCfg = Debug|Any CPU
		{F1FBF0B5-4EA5-47B9-B009-6E1B42B2AB1A}.Debug|Any CPU.Build.0 = Debug|Any CPU
		{F1FBF0B5-4EA5-47B9-B009-6E1B42B2AB1A}.Release|Any CPU.ActiveCfg = Release|Any CPU
		{F1FBF0B5-4EA5-47B9-B009-6E1B42B2AB1A}.Release|Any CPU.Build.0 = Release|Any CPU
	EndGlobalSection
	GlobalSection(SolutionProperties) = preSolution
		HideSolutionNode = FALSE
	EndGlobalSection
	GlobalSection(ExtensibilityGlobals) = postSolution
		SolutionGuid = {3FA72F3D-6C03-46D1-B2A8-14B491267219}
	EndGlobalSection
EndGlobal
